
Microsoft Visual Studio Solution File, Format Version 12.00
# Visual Studio Version 17
VisualStudioVersion = 17.5.002.0
MinimumVisualStudioVersion = 10.0.40219.1
Project("{2150E333-8FDC-42A3-9474-1A3956D46DE8}") = "backend", "backend", "{58F1DBAA-B938-444F-BF9F-368350E2DF06}"
EndProject
Project("{9A19103F-16F7-4668-BE54-9A1E7A4F7556}") = "api", "backend\api\api.csproj", "{856AB370-BFC8-4EDD-B41B-47F22DBBED37}"
EndProject
Project("{9A19103F-16F7-4668-BE54-9A1E7A4F7556}") = "tests", "backend\tests\tests.csproj", "{1FE1E558-F7BB-4A9F-B885-0837EA515BF1}"
EndProject
Global
	GlobalSection(SolutionConfigurationPlatforms) = preSolution
		Debug|Any CPU = Debug|Any CPU
		Release|Any CPU = Release|Any CPU
	EndGlobalSection
	GlobalSection(ProjectConfigurationPlatforms) = postSolution
		{856AB370-BFC8-4EDD-B41B-47F22DBBED37}.Debug|Any CPU.ActiveCfg = Debug|Any CPU
		{856AB370-BFC8-4EDD-B41B-47F22DBBED37}.Debug|Any CPU.Build.0 = Debug|Any CPU
		{856AB370-BFC8-4EDD-B41B-47F22DBBED37}.Release|Any CPU.ActiveCfg = Release|Any CPU
		{856AB370-BFC8-4EDD-B41B-47F22DBBED37}.Release|Any CPU.Build.0 = Release|Any CPU
		{1FE1E558-F7BB-4A9F-B885-0837EA515BF1}.Debug|Any CPU.ActiveCfg = Debug|Any CPU
		{1FE1E558-F7BB-4A9F-B885-0837EA515BF1}.Debug|Any CPU.Build.0 = Debug|Any CPU
		{1FE1E558-F7BB-4A9F-B885-0837EA515BF1}.Release|Any CPU.ActiveCfg = Release|Any CPU
		{1FE1E558-F7BB-4A9F-B885-0837EA515BF1}.Release|Any CPU.Build.0 = Release|Any CPU
	EndGlobalSection
	GlobalSection(SolutionProperties) = preSolution
		HideSolutionNode = FALSE
	EndGlobalSection
	GlobalSection(NestedProjects) = preSolution
		{856AB370-BFC8-4EDD-B41B-47F22DBBED37} = {58F1DBAA-B938-444F-BF9F-368350E2DF06}
		{1FE1E558-F7BB-4A9F-B885-0837EA515BF1} = {58F1DBAA-B938-444F-BF9F-368350E2DF06}
	EndGlobalSection
	GlobalSection(ExtensibilityGlobals) = postSolution
		SolutionGuid = {54355691-96EF-4545-B81E-D3729B6006C6}
	EndGlobalSection
EndGlobal
